PODS:
  - ESNotification (0.2.8):
    - ESThread (~> 0.1.0)
    - Swim (~> 1.4.0)
  - ESThread (0.1.0)
  - Swim (1.4.1-beta)

DEPENDENCIES:
  - ESNotification (from `https://github.com/EZ-NET/ESNotification.git`, branch `master`)
  - ESThread (from `https://github.com/EZ-NET/ESThread.git`)
  - Swim (from `https://github.com/EZ-NET/ESSwim.git`)

EXTERNAL SOURCES:
  ESNotification:
    :branch: master
    :git: https://github.com/EZ-NET/ESNotification.git
  ESThread:
    :git: https://github.com/EZ-NET/ESThread.git
  Swim:
    :git: https://github.com/EZ-NET/ESSwim.git

CHECKOUT OPTIONS:
  ESNotification:
    :commit: 6aaddc1833ae2ff9731638f3a6658a6538d9a652
    :git: https://github.com/EZ-NET/ESNotification.git
  ESThread:
    :commit: 29242fca807acd20e5c307ccf3b62f636d1b9d0f
    :git: https://github.com/EZ-NET/ESThread.git
  Swim:
    :commit: 7a84710cdf6f6e6851dac83103fdce34279449bc
    :git: https://github.com/EZ-NET/ESSwim.git

SPEC CHECKSUMS:
  ESNotification: c640bd521814d20d597b4b08bc52c3f9f2799335
  ESThread: f2731afb37cf63a3a56ec98f63fc10bcaf5d933d
  Swim: 5d6b294188fd7ecde95450ca3e45e9d6db7df470

COCOAPODS: 0.39.0.beta.5
